
Microsoft Visual Studio Solution File, Format Version 12.00
# Visual Studio Version 17
VisualStudioVersion = 17.0.32112.339
MinimumVisualStudioVersion = 10.0.40219.1
Project("{9A19103F-16F7-4668-BE54-9A1E7A4F7556}") = "Squares.Api", "Squares.Api\Squares.Api.csproj", "{835EE7F1-5C86-4211-ADA9-B721457CF083}"
EndProject
Project("{FAE04EC0-301F-11D3-BF4B-00C04F79EFBC}") = "Squares.UnitTests", "Squares.UnitTests\Squares.UnitTests.csproj", "{F837ADFA-C3E8-45FD-A4B1-2E1D180C6CC0}"
EndProject
Global
	GlobalSection(SolutionConfigurationPlatforms) = preSolution
		Debug|Any CPU = Debug|Any CPU
		Release|Any CPU = Release|Any CPU
	EndGlobalSection
	GlobalSection(ProjectConfigurationPlatforms) = postSolution
		{835EE7F1-5C86-4211-ADA9-B721457CF083}.Debug|Any CPU.ActiveCfg = Debug|Any CPU
		{835EE7F1-5C86-4211-ADA9-B721457CF083}.Debug|Any CPU.Build.0 = Debug|Any CPU
		{835EE7F1-5C86-4211-ADA9-B721457CF083}.Release|Any CPU.ActiveCfg = Release|Any CPU
		{835EE7F1-5C86-4211-ADA9-B721457CF083}.Release|Any CPU.Build.0 = Release|Any CPU
		{F837ADFA-C3E8-45FD-A4B1-2E1D180C6CC0}.Debug|Any CPU.ActiveCfg = Debug|Any CPU
		{F837ADFA-C3E8-45FD-A4B1-2E1D180C6CC0}.Debug|Any CPU.Build.0 = Debug|Any CPU
		{F837ADFA-C3E8-45FD-A4B1-2E1D180C6CC0}.Release|Any CPU.ActiveCfg = Release|Any CPU
		{F837ADFA-C3E8-45FD-A4B1-2E1D180C6CC0}.Release|Any CPU.Build.0 = Release|Any CPU
	EndGlobalSection
	GlobalSection(SolutionProperties) = preSolution
		HideSolutionNode = FALSE
	EndGlobalSection
	GlobalSection(ExtensibilityGlobals) = postSolution
		SolutionGuid = {DCE189D6-1BA2-4039-8332-A62A9D096433}
	EndGlobalSection
EndGlobal
